// !$*UTF8*$!
{
	archiveVersion = 1;
	classes = {
	};
	objectVersion = 56;
	objects = {

/* Begin PBXBuildFile section */
		3F12AE912B347679009B7300 /* Status.swift in Sources */ = {isa = PBXBuildFile; fileRef = 3F12AE902B347679009B7300 /* Status.swift */; };
		3F12AE952B34773F009B7300 /* MoodCheckDao.swift in Sources */ = {isa = PBXBuildFile; fileRef = 3F12AE942B34773F009B7300 /* MoodCheckDao.swift */; };
		3F12AE972B347846009B7300 /* MoodDetailDao.swift in Sources */ = {isa = PBXBuildFile; fileRef = 3F12AE962B347846009B7300 /* MoodDetailDao.swift */; };
		3F12AEAA2B3497D0009B7300 /* DogEntity+CoreDataClass.swift in Sources */ = {isa = PBXBuildFile; fileRef = 3F12AEA42B3497D0009B7300 /* DogEntity+CoreDataClass.swift */; };
		3F12AEAB2B3497D0009B7300 /* DogEntity+CoreDataProperties.swift in Sources */ = {isa = PBXBuildFile; fileRef = 3F12AEA52B3497D0009B7300 /* DogEntity+CoreDataProperties.swift */; };
		3F1A177F2B3AA45300044CA9 /* Logger.swift in Sources */ = {isa = PBXBuildFile; fileRef = 3F1A177E2B3AA45300044CA9 /* Logger.swift */; };
		3F1A17812B3AA53B00044CA9 /* StringUtilities.swift in Sources */ = {isa = PBXBuildFile; fileRef = 3F1A17802B3AA53B00044CA9 /* StringUtilities.swift */; };
		3F1A17832B3AAB0600044CA9 /* LogLevel.swift in Sources */ = {isa = PBXBuildFile; fileRef = 3F1A17822B3AAB0600044CA9 /* LogLevel.swift */; };
		3F1B19192B57F31B008B5BA2 /* Localizable.xcstrings in Resources */ = {isa = PBXBuildFile; fileRef = 3F1B19182B57F31B008B5BA2 /* Localizable.xcstrings */; };
		3F2971522B28BF1A00F3954D /* ChoicePhotosSourceActionSheet.swift in Sources */ = {isa = PBXBuildFile; fileRef = 3F2971512B28BF1A00F3954D /* ChoicePhotosSourceActionSheet.swift */; };
		3F2F84C32A5FF29F00227024 /* DogProfileView.swift in Sources */ = {isa = PBXBuildFile; fileRef = 3F2F84C22A5FF29F00227024 /* DogProfileView.swift */; };
		3F2F84C52A5FF98F00227024 /* DogDetailView.swift in Sources */ = {isa = PBXBuildFile; fileRef = 3F2F84C42A5FF98F00227024 /* DogDetailView.swift */; };
		3F50A2082AE6BC8C00393DC4 /* SelectableRowDogCellView.swift in Sources */ = {isa = PBXBuildFile; fileRef = 3F50A2072AE6BC8C00393DC4 /* SelectableRowDogCellView.swift */; };
		3F7286DF2B3575B50013AE4D /* EmotionalStateManagerBO.swift in Sources */ = {isa = PBXBuildFile; fileRef = 3F7286DE2B3575B50013AE4D /* EmotionalStateManagerBO.swift */; };
		3F7286E22B35A4F80013AE4D /* RunBloking.swift in Sources */ = {isa = PBXBuildFile; fileRef = 3F7286E12B35A4F80013AE4D /* RunBloking.swift */; };
		3F74BBE52A5D60BE00A8BB42 /* DogListView.swift in Sources */ = {isa = PBXBuildFile; fileRef = 3F74BBE42A5D60BE00A8BB42 /* DogListView.swift */; };
		3F74BBED2A5D6A9100A8BB42 /* Dao.swift in Sources */ = {isa = PBXBuildFile; fileRef = 3F74BBEC2A5D6A9100A8BB42 /* Dao.swift */; };
		3F74BBEF2A5D8B1600A8BB42 /* DogDao.swift in Sources */ = {isa = PBXBuildFile; fileRef = 3F74BBEE2A5D8B1600A8BB42 /* DogDao.swift */; };
		3F74BBF62A5D90AE00A8BB42 /* Dog.swift in Sources */ = {isa = PBXBuildFile; fileRef = 3F74BBF52A5D90AE00A8BB42 /* Dog.swift */; };
		3F778E352A5BFC5400D37229 /* DogViewModel.swift in Sources */ = {isa = PBXBuildFile; fileRef = 3F778E342A5BFC5400D37229 /* DogViewModel.swift */; };
		3F778E372A5BFC9300D37229 /* PersistenController.swift in Sources */ = {isa = PBXBuildFile; fileRef = 3F778E362A5BFC9300D37229 /* PersistenController.swift */; };
		3F79B9ED2B493D6C00EB8542 /* PredictResult.swift in Sources */ = {isa = PBXBuildFile; fileRef = 3F79B9EC2B493D6C00EB8542 /* PredictResult.swift */; };
		3F79B9F12B495EF400EB8542 /* EmotionalResultDialogView.swift in Sources */ = {isa = PBXBuildFile; fileRef = 3F79B9F02B495EF400EB8542 /* EmotionalResultDialogView.swift */; };
		3F79B9F72B49A20F00EB8542 /* CheckMoodViewModel.swift in Sources */ = {isa = PBXBuildFile; fileRef = 3F79B9F62B49A20F00EB8542 /* CheckMoodViewModel.swift */; };
		3F9071042B5508D0009294DA /* Extensions.swift in Sources */ = {isa = PBXBuildFile; fileRef = 3F9071032B5508D0009294DA /* Extensions.swift */; };
		3FAD7A492ACC0B7D0039FD3F /* SelectableDogListView.swift in Sources */ = {isa = PBXBuildFile; fileRef = 3FAD7A482ACC0B7D0039FD3F /* SelectableDogListView.swift */; };
		3FAE41D52A54388A002E541C /* MyDogStateApp.swift in Sources */ = {isa = PBXBuildFile; fileRef = 3FAE41D42A54388A002E541C /* MyDogStateApp.swift */; };
		3FAE41D72A54388A002E541C /* DogsListContentView.swift in Sources */ = {isa = PBXBuildFile; fileRef = 3FAE41D62A54388A002E541C /* DogsListContentView.swift */; };
		3FAE41D92A54388C002E541C /* Assets.xcassets in Resources */ = {isa = PBXBuildFile; fileRef = 3FAE41D82A54388C002E541C /* Assets.xcassets */; };
		3FAE41DC2A54388C002E541C /* Preview Assets.xcassets in Resources */ = {isa = PBXBuildFile; fileRef = 3FAE41DB2A54388C002E541C /* Preview Assets.xcassets */; };
		3FAE41E62A5439DD002E541C /* DogModel.xcdatamodeld in Sources */ = {isa = PBXBuildFile; fileRef = 3FAE41E42A5439DD002E541C /* DogModel.xcdatamodeld */; };
		3FAE41EF2A544C76002E541C /* AddDogView.swift in Sources */ = {isa = PBXBuildFile; fileRef = 3FAE41EE2A544C76002E541C /* AddDogView.swift */; };
		3FAE41F32A54507F002E541C /* ImagePicker.swift in Sources */ = {isa = PBXBuildFile; fileRef = 3FAE41F22A54507F002E541C /* ImagePicker.swift */; };
		3FAE41F52A5450B2002E541C /* AddImageView.swift in Sources */ = {isa = PBXBuildFile; fileRef = 3FAE41F42A5450B2002E541C /* AddImageView.swift */; };
		3FAE41F72A5453C3002E541C /* SexView.swift in Sources */ = {isa = PBXBuildFile; fileRef = 3FAE41F62A5453C3002E541C /* SexView.swift */; };
		3FB2E6C92ADED2FF00C4D0FD /* ContentView.swift in Sources */ = {isa = PBXBuildFile; fileRef = 3FB2E6C82ADED2FF00C4D0FD /* ContentView.swift */; };
		3FC099152B4AA5E400A577BF /* MoodDetailEntity+CoreDataClass.swift in Sources */ = {isa = PBXBuildFile; fileRef = 3FC099112B4AA5E400A577BF /* MoodDetailEntity+CoreDataClass.swift */; };
		3FC099162B4AA5E400A577BF /* MoodDetailEntity+CoreDataProperties.swift in Sources */ = {isa = PBXBuildFile; fileRef = 3FC099122B4AA5E400A577BF /* MoodDetailEntity+CoreDataProperties.swift */; };
		3FC099172B4AA5E400A577BF /* MoodCheckEntity+CoreDataClass.swift in Sources */ = {isa = PBXBuildFile; fileRef = 3FC099132B4AA5E400A577BF /* MoodCheckEntity+CoreDataClass.swift */; };
		3FC099182B4AA5E400A577BF /* MoodCheckEntity+CoreDataProperties.swift in Sources */ = {isa = PBXBuildFile; fileRef = 3FC099142B4AA5E400A577BF /* MoodCheckEntity+CoreDataProperties.swift */; };
		3FC3321E2B47E4DD00349AC5 /* CheckEmotionalDogStateContentView.swift in Sources */ = {isa = PBXBuildFile; fileRef = 3FC3321D2B47E4DD00349AC5 /* CheckEmotionalDogStateContentView.swift */; };
		3FC332202B47E56300349AC5 /* ClassificationsViewModel.swift in Sources */ = {isa = PBXBuildFile; fileRef = 3FC3321F2B47E56300349AC5 /* ClassificationsViewModel.swift */; };
		3FC332232B47E62300349AC5 /* ClassificationServiceProviding.swift in Sources */ = {isa = PBXBuildFile; fileRef = 3FC332222B47E62300349AC5 /* ClassificationServiceProviding.swift */; };
		3FC332252B47E66200349AC5 /* ClassificationService.swift in Sources */ = {isa = PBXBuildFile; fileRef = 3FC332242B47E66200349AC5 /* ClassificationService.swift */; };
		3FC332272B47E70200349AC5 /* DogEmotionImageClassification.mlmodel in Sources */ = {isa = PBXBuildFile; fileRef = 3FC332262B47E70200349AC5 /* DogEmotionImageClassification.mlmodel */; };
		3FD9C8DD2ACF0A9700162DFA /* Button.swift in Sources */ = {isa = PBXBuildFile; fileRef = 3FD9C8DC2ACF0A9600162DFA /* Button.swift */; };
		3FDAF1642B4C41C900B0AFDB /* ResultDogMoodContentView.swift in Sources */ = {isa = PBXBuildFile; fileRef = 3FDAF1632B4C41C900B0AFDB /* ResultDogMoodContentView.swift */; };
		3FDAF1662B4C936A00B0AFDB /* DogDetailCard.swift in Sources */ = {isa = PBXBuildFile; fileRef = 3FDAF1652B4C936A00B0AFDB /* DogDetailCard.swift */; };
		3FEC27502B52CF8E0089DF62 /* CheckDetailView.swift in Sources */ = {isa = PBXBuildFile; fileRef = 3FEC274F2B52CF8E0089DF62 /* CheckDetailView.swift */; };
		3FED3ABF2B4E5D12005F6BF5 /* CheckListContentView.swift in Sources */ = {isa = PBXBuildFile; fileRef = 3FED3ABE2B4E5D12005F6BF5 /* CheckListContentView.swift */; };
		3FED3AC12B4E5DF6005F6BF5 /* CheckListView.swift in Sources */ = {isa = PBXBuildFile; fileRef = 3FED3AC02B4E5DF6005F6BF5 /* CheckListView.swift */; };
		3FF236202A56EE5D00C0AAD3 /* ImageUtilities.swift in Sources */ = {isa = PBXBuildFile; fileRef = 3FF2361F2A56EE5D00C0AAD3 /* ImageUtilities.swift */; };
		3FF236222A56F2AF00C0AAD3 /* ErrorInfo.swift in Sources */ = {isa = PBXBuildFile; fileRef = 3FF236212A56F2AF00C0AAD3 /* ErrorInfo.swift */; };
		3FF236242A56F71400C0AAD3 /* ItemCellView.swift in Sources */ = {isa = PBXBuildFile; fileRef = 3FF236232A56F71400C0AAD3 /* ItemCellView.swift */; };
		3FF236262A56F90B00C0AAD3 /* ChipView.swift in Sources */ = {isa = PBXBuildFile; fileRef = 3FF236252A56F90B00C0AAD3 /* ChipView.swift */; };
		3FF236432A5708A300C0AAD3 /* CircleImage.swift in Sources */ = {isa = PBXBuildFile; fileRef = 3FF236422A5708A300C0AAD3 /* CircleImage.swift */; };
		3FF236452A570A1700C0AAD3 /* RoundedRectagleImage.swift in Sources */ = {isa = PBXBuildFile; fileRef = 3FF236442A570A1700C0AAD3 /* RoundedRectagleImage.swift */; };
		3FF236472A570BC600C0AAD3 /* Enumeration.swift in Sources */ = {isa = PBXBuildFile; fileRef = 3FF236462A570BC600C0AAD3 /* Enumeration.swift */; };
		3FF236492A570D8700C0AAD3 /* CustomLabel.swift in Sources */ = {isa = PBXBuildFile; fileRef = 3FF236482A570D8700C0AAD3 /* CustomLabel.swift */; };
/* End PBXBuildFile section */

/* Begin PBXFileReference section */
		3F12AE902B347679009B7300 /* Status.swift */ = {isa = PBXFileReference; lastKnownFileType = sourcecode.swift; path = Status.swift; sourceTree = "<group>"; };
		3F12AE942B34773F009B7300 /* MoodCheckDao.swift */ = {isa = PBXFileReference; lastKnownFileType = sourcecode.swift; path = MoodCheckDao.swift; sourceTree = "<group>"; };
		3F12AE962B347846009B7300 /* MoodDetailDao.swift */ = {isa = PBXFileReference; lastKnownFileType = sourcecode.swift; path = MoodDetailDao.swift; sourceTree = "<group>"; };
		3F12AEA42B3497D0009B7300 /* DogEntity+CoreDataClass.swift */ = {isa = PBXFileReference; lastKnownFileType = sourcecode.swift; path = "DogEntity+CoreDataClass.swift"; sourceTree = "<group>"; };
		3F12AEA52B3497D0009B7300 /* DogEntity+CoreDataProperties.swift */ = {isa = PBXFileReference; lastKnownFileType = sourcecode.swift; path = "DogEntity+CoreDataProperties.swift"; sourceTree = "<group>"; };
		3F1A177E2B3AA45300044CA9 /* Logger.swift */ = {isa = PBXFileReference; lastKnownFileType = sourcecode.swift; path = Logger.swift; sourceTree = "<group>"; };
		3F1A17802B3AA53B00044CA9 /* StringUtilities.swift */ = {isa = PBXFileReference; lastKnownFileType = sourcecode.swift; path = StringUtilities.swift; sourceTree = "<group>"; };
		3F1A17822B3AAB0600044CA9 /* LogLevel.swift */ = {isa = PBXFileReference; lastKnownFileType = sourcecode.swift; path = LogLevel.swift; sourceTree = "<group>"; };
		3F1B19182B57F31B008B5BA2 /* Localizable.xcstrings */ = {isa = PBXFileReference; lastKnownFileType = text.json.xcstrings; path = Localizable.xcstrings; sourceTree = "<group>"; };
		3F2971512B28BF1A00F3954D /* ChoicePhotosSourceActionSheet.swift */ = {isa = PBXFileReference; lastKnownFileType = sourcecode.swift; path = ChoicePhotosSourceActionSheet.swift; sourceTree = "<group>"; };
		3F2F84C22A5FF29F00227024 /* DogProfileView.swift */ = {isa = PBXFileReference; lastKnownFileType = sourcecode.swift; path = DogProfileView.swift; sourceTree = "<group>"; };
		3F2F84C42A5FF98F00227024 /* DogDetailView.swift */ = {isa = PBXFileReference; lastKnownFileType = sourcecode.swift; path = DogDetailView.swift; sourceTree = "<group>"; };
		3F50A2072AE6BC8C00393DC4 /* SelectableRowDogCellView.swift */ = {isa = PBXFileReference; lastKnownFileType = sourcecode.swift; path = SelectableRowDogCellView.swift; sourceTree = "<group>"; };
		3F7286DE2B3575B50013AE4D /* EmotionalStateManagerBO.swift */ = {isa = PBXFileReference; lastKnownFileType = sourcecode.swift; path = EmotionalStateManagerBO.swift; sourceTree = "<group>"; };
		3F7286E12B35A4F80013AE4D /* RunBloking.swift */ = {isa = PBXFileReference; lastKnownFileType = sourcecode.swift; path = RunBloking.swift; sourceTree = "<group>"; };
		3F74BBE42A5D60BE00A8BB42 /* DogListView.swift */ = {isa = PBXFileReference; lastKnownFileType = sourcecode.swift; path = DogListView.swift; sourceTree = "<group>"; };
		3F74BBEC2A5D6A9100A8BB42 /* Dao.swift */ = {isa = PBXFileReference; lastKnownFileType = sourcecode.swift; path = Dao.swift; sourceTree = "<group>"; };
		3F74BBEE2A5D8B1600A8BB42 /* DogDao.swift */ = {isa = PBXFileReference; lastKnownFileType = sourcecode.swift; path = DogDao.swift; sourceTree = "<group>"; };
		3F74BBF52A5D90AE00A8BB42 /* Dog.swift */ = {isa = PBXFileReference; lastKnownFileType = sourcecode.swift; path = Dog.swift; sourceTree = "<group>"; };
		3F778E342A5BFC5400D37229 /* DogViewModel.swift */ = {isa = PBXFileReference; lastKnownFileType = sourcecode.swift; path = DogViewModel.swift; sourceTree = "<group>"; };
		3F778E362A5BFC9300D37229 /* PersistenController.swift */ = {isa = PBXFileReference; lastKnownFileType = sourcecode.swift; path = PersistenController.swift; sourceTree = "<group>"; };
		3F79B9EC2B493D6C00EB8542 /* PredictResult.swift */ = {isa = PBXFileReference; lastKnownFileType = sourcecode.swift; path = PredictResult.swift; sourceTree = "<group>"; };
		3F79B9F02B495EF400EB8542 /* EmotionalResultDialogView.swift */ = {isa = PBXFileReference; lastKnownFileType = sourcecode.swift; path = EmotionalResultDialogView.swift; sourceTree = "<group>"; };
		3F79B9F62B49A20F00EB8542 /* CheckMoodViewModel.swift */ = {isa = PBXFileReference; lastKnownFileType = sourcecode.swift; path = CheckMoodViewModel.swift; sourceTree = "<group>"; };
		3F9071032B5508D0009294DA /* Extensions.swift */ = {isa = PBXFileReference; lastKnownFileType = sourcecode.swift; path = Extensions.swift; sourceTree = "<group>"; };
		3FAD7A482ACC0B7D0039FD3F /* SelectableDogListView.swift */ = {isa = PBXFileReference; lastKnownFileType = sourcecode.swift; path = SelectableDogListView.swift; sourceTree = "<group>"; };
		3FAE41D12A54388A002E541C /* MyDogState.app */ = {isa = PBXFileReference; explicitFileType = wrapper.application; includeInIndex = 0; path = MyDogState.app; sourceTree = BUILT_PRODUCTS_DIR; };
		3FAE41D42A54388A002E541C /* MyDogStateApp.swift */ = {isa = PBXFileReference; lastKnownFileType = sourcecode.swift; path = MyDogStateApp.swift; sourceTree = "<group>"; };
		3FAE41D62A54388A002E541C /* DogsListContentView.swift */ = {isa = PBXFileReference; lastKnownFileType = sourcecode.swift; path = DogsListContentView.swift; sourceTree = "<group>"; };
		3FAE41D82A54388C002E541C /* Assets.xcassets */ = {isa = PBXFileReference; lastKnownFileType = folder.assetcatalog; path = Assets.xcassets; sourceTree = "<group>"; };
		3FAE41DB2A54388C002E541C /* Preview Assets.xcassets */ = {isa = PBXFileReference; lastKnownFileType = folder.assetcatalog; path = "Preview Assets.xcassets"; sourceTree = "<group>"; };
		3FAE41E52A5439DD002E541C /* DogModel.xcdatamodel */ = {isa = PBXFileReference; lastKnownFileType = wrapper.xcdatamodel; path = DogModel.xcdatamodel; sourceTree = "<group>"; };
		3FAE41EE2A544C76002E541C /* AddDogView.swift */ = {isa = PBXFileReference; lastKnownFileType = sourcecode.swift; path = AddDogView.swift; sourceTree = "<group>"; };
		3FAE41F22A54507F002E541C /* ImagePicker.swift */ = {isa = PBXFileReference; lastKnownFileType = sourcecode.swift; path = ImagePicker.swift; sourceTree = "<group>"; };
		3FAE41F42A5450B2002E541C /* AddImageView.swift */ = {isa = PBXFileReference; lastKnownFileType = sourcecode.swift; path = AddImageView.swift; sourceTree = "<group>"; };
		3FAE41F62A5453C3002E541C /* SexView.swift */ = {isa = PBXFileReference; lastKnownFileType = sourcecode.swift; path = SexView.swift; sourceTree = "<group>"; };
		3FB2E6C82ADED2FF00C4D0FD /* ContentView.swift */ = {isa = PBXFileReference; lastKnownFileType = sourcecode.swift; path = ContentView.swift; sourceTree = "<group>"; };
		3FC099112B4AA5E400A577BF /* MoodDetailEntity+CoreDataClass.swift */ = {isa = PBXFileReference; lastKnownFileType = sourcecode.swift; path = "MoodDetailEntity+CoreDataClass.swift"; sourceTree = "<group>"; };
		3FC099122B4AA5E400A577BF /* MoodDetailEntity+CoreDataProperties.swift */ = {isa = PBXFileReference; lastKnownFileType = sourcecode.swift; path = "MoodDetailEntity+CoreDataProperties.swift"; sourceTree = "<group>"; };
		3FC099132B4AA5E400A577BF /* MoodCheckEntity+CoreDataClass.swift */ = {isa = PBXFileReference; lastKnownFileType = sourcecode.swift; path = "MoodCheckEntity+CoreDataClass.swift"; sourceTree = "<group>"; };
		3FC099142B4AA5E400A577BF /* MoodCheckEntity+CoreDataProperties.swift */ = {isa = PBXFileReference; lastKnownFileType = sourcecode.swift; path = "MoodCheckEntity+CoreDataProperties.swift"; sourceTree = "<group>"; };
		3FC3321D2B47E4DD00349AC5 /* CheckEmotionalDogStateContentView.swift */ = {isa = PBXFileReference; lastKnownFileType = sourcecode.swift; path = CheckEmotionalDogStateContentView.swift; sourceTree = "<group>"; };
		3FC3321F2B47E56300349AC5 /* ClassificationsViewModel.swift */ = {isa = PBXFileReference; lastKnownFileType = sourcecode.swift; path = ClassificationsViewModel.swift; sourceTree = "<group>"; };
		3FC332222B47E62300349AC5 /* ClassificationServiceProviding.swift */ = {isa = PBXFileReference; lastKnownFileType = sourcecode.swift; path = ClassificationServiceProviding.swift; sourceTree = "<group>"; };
		3FC332242B47E66200349AC5 /* ClassificationService.swift */ = {isa = PBXFileReference; lastKnownFileType = sourcecode.swift; path = ClassificationService.swift; sourceTree = "<group>"; };
		3FC332262B47E70200349AC5 /* DogEmotionImageClassification.mlmodel */ = {isa = PBXFileReference; lastKnownFileType = file.mlmodel; path = DogEmotionImageClassification.mlmodel; sourceTree = "<group>"; };
		3FD9C8DC2ACF0A9600162DFA /* Button.swift */ = {isa = PBXFileReference; lastKnownFileType = sourcecode.swift; path = Button.swift; sourceTree = "<group>"; };
		3FDAF1632B4C41C900B0AFDB /* ResultDogMoodContentView.swift */ = {isa = PBXFileReference; lastKnownFileType = sourcecode.swift; path = ResultDogMoodContentView.swift; sourceTree = "<group>"; };
		3FDAF1652B4C936A00B0AFDB /* DogDetailCard.swift */ = {isa = PBXFileReference; lastKnownFileType = sourcecode.swift; path = DogDetailCard.swift; sourceTree = "<group>"; };
		3FEC274F2B52CF8E0089DF62 /* CheckDetailView.swift */ = {isa = PBXFileReference; lastKnownFileType = sourcecode.swift; path = CheckDetailView.swift; sourceTree = "<group>"; };
		3FED3ABE2B4E5D12005F6BF5 /* CheckListContentView.swift */ = {isa = PBXFileReference; lastKnownFileType = sourcecode.swift; path = CheckListContentView.swift; sourceTree = "<group>"; };
		3FED3AC02B4E5DF6005F6BF5 /* CheckListView.swift */ = {isa = PBXFileReference; lastKnownFileType = sourcecode.swift; path = CheckListView.swift; sourceTree = "<group>"; };
		3FF2361F2A56EE5D00C0AAD3 /* ImageUtilities.swift */ = {isa = PBXFileReference; lastKnownFileType = sourcecode.swift; path = ImageUtilities.swift; sourceTree = "<group>"; };
		3FF236212A56F2AF00C0AAD3 /* ErrorInfo.swift */ = {isa = PBXFileReference; lastKnownFileType = sourcecode.swift; path = ErrorInfo.swift; sourceTree = "<group>"; };
		3FF236232A56F71400C0AAD3 /* ItemCellView.swift */ = {isa = PBXFileReference; lastKnownFileType = sourcecode.swift; path = ItemCellView.swift; sourceTree = "<group>"; };
		3FF236252A56F90B00C0AAD3 /* ChipView.swift */ = {isa = PBXFileReference; lastKnownFileType = sourcecode.swift; path = ChipView.swift; sourceTree = "<group>"; };
		3FF236422A5708A300C0AAD3 /* CircleImage.swift */ = {isa = PBXFileReference; lastKnownFileType = sourcecode.swift; path = CircleImage.swift; sourceTree = "<group>"; };
		3FF236442A570A1700C0AAD3 /* RoundedRectagleImage.swift */ = {isa = PBXFileReference; lastKnownFileType = sourcecode.swift; path = RoundedRectagleImage.swift; sourceTree = "<group>"; };
		3FF236462A570BC600C0AAD3 /* Enumeration.swift */ = {isa = PBXFileReference; fileEncoding = 4; lastKnownFileType = sourcecode.swift; path = Enumeration.swift; sourceTree = "<group>"; };
		3FF236482A570D8700C0AAD3 /* CustomLabel.swift */ = {isa = PBXFileReference; lastKnownFileType = sourcecode.swift; path = CustomLabel.swift; sourceTree = "<group>"; };
/* End PBXFileReference section */

/* Begin PBXFrameworksBuildPhase section */
		3FAE41CE2A54388A002E541C /* Frameworks */ = {
			isa = PBXFrameworksBuildPhase;
			buildActionMask = 2147483647;
			files = (
			);
			runOnlyForDeploymentPostprocessing = 0;
		};
/* End PBXFrameworksBuildPhase section */

/* Begin PBXGroup section */
		3F74BBEB2A5D6A7D00A8BB42 /* Dao */ = {
			isa = PBXGroup;
			children = (
				3F74BBEC2A5D6A9100A8BB42 /* Dao.swift */,
				3F74BBEE2A5D8B1600A8BB42 /* DogDao.swift */,
				3F12AE942B34773F009B7300 /* MoodCheckDao.swift */,
				3F12AE962B347846009B7300 /* MoodDetailDao.swift */,
			);
			path = Dao;
			sourceTree = "<group>";
		};
		3F74BBF42A5D909D00A8BB42 /* Object */ = {
			isa = PBXGroup;
			children = (
				3F74BBF52A5D90AE00A8BB42 /* Dog.swift */,
				3F12AE902B347679009B7300 /* Status.swift */,
				3F79B9EC2B493D6C00EB8542 /* PredictResult.swift */,
			);
			path = Object;
			sourceTree = "<group>";
		};
		3F778E332A5BFC2900D37229 /* ViewModels */ = {
			isa = PBXGroup;
			children = (
				3F778E342A5BFC5400D37229 /* DogViewModel.swift */,
				3FC3321F2B47E56300349AC5 /* ClassificationsViewModel.swift */,
				3F79B9F62B49A20F00EB8542 /* CheckMoodViewModel.swift */,
			);
			path = ViewModels;
			sourceTree = "<group>";
		};
		3F79B9EF2B495E4500EB8542 /* CheckEmotionalStateViews */ = {
			isa = PBXGroup;
			children = (
				3FC3321D2B47E4DD00349AC5 /* CheckEmotionalDogStateContentView.swift */,
				3F79B9F02B495EF400EB8542 /* EmotionalResultDialogView.swift */,
				3FDAF1632B4C41C900B0AFDB /* ResultDogMoodContentView.swift */,
			);
			name = CheckEmotionalStateViews;
			sourceTree = "<group>";
		};
		3FAE41C82A54388A002E541C = {
			isa = PBXGroup;
			children = (
				3FAE41D32A54388A002E541C /* MyDogState */,
				3FAE41D22A54388A002E541C /* Products */,
			);
			sourceTree = "<group>";
		};
		3FAE41D22A54388A002E541C /* Products */ = {
			isa = PBXGroup;
			children = (
				3FAE41D12A54388A002E541C /* MyDogState.app */,
			);
			name = Products;
			sourceTree = "<group>";
		};
		3FAE41D32A54388A002E541C /* MyDogState */ = {
			isa = PBXGroup;
			children = (
				3FC332212B47E60400349AC5 /* Classification */,
				3FAE41D42A54388A002E541C /* MyDogStateApp.swift */,
				3F74BBF42A5D909D00A8BB42 /* Object */,
				3F74BBEB2A5D6A7D00A8BB42 /* Dao */,
				3F778E332A5BFC2900D37229 /* ViewModels */,
				3FAE41ED2A544B98002E541C /* Helpers */,
				3FAE41EC2A544AAA002E541C /* Views */,
				3FAE41E92A5440A2002E541C /* Utilities */,
				3FAE41E32A5439A6002E541C /* DataModel */,
				3FAE41D82A54388C002E541C /* Assets.xcassets */,
				3FAE41DA2A54388C002E541C /* Preview Content */,
				3F1B19182B57F31B008B5BA2 /* Localizable.xcstrings */,
			);
			path = MyDogState;
			sourceTree = "<group>";
		};
		3FAE41DA2A54388C002E541C /* Preview Content */ = {
			isa = PBXGroup;
			children = (
				3FAE41DB2A54388C002E541C /* Preview Assets.xcassets */,
			);
			path = "Preview Content";
			sourceTree = "<group>";
		};
		3FAE41E32A5439A6002E541C /* DataModel */ = {
			isa = PBXGroup;
			children = (
				3FC099112B4AA5E400A577BF /* MoodDetailEntity+CoreDataClass.swift */,
				3FC099122B4AA5E400A577BF /* MoodDetailEntity+CoreDataProperties.swift */,
				3FC099132B4AA5E400A577BF /* MoodCheckEntity+CoreDataClass.swift */,
				3FC099142B4AA5E400A577BF /* MoodCheckEntity+CoreDataProperties.swift */,
				3F12AEA42B3497D0009B7300 /* DogEntity+CoreDataClass.swift */,
				3F12AEA52B3497D0009B7300 /* DogEntity+CoreDataProperties.swift */,
				3FAE41E42A5439DD002E541C /* DogModel.xcdatamodeld */,
				3F778E362A5BFC9300D37229 /* PersistenController.swift */,
			);
			path = DataModel;
			sourceTree = "<group>";
		};
		3FAE41E92A5440A2002E541C /* Utilities */ = {
			isa = PBXGroup;
			children = (
				3FF2361F2A56EE5D00C0AAD3 /* ImageUtilities.swift */,
				3FF236212A56F2AF00C0AAD3 /* ErrorInfo.swift */,
				3FF236462A570BC600C0AAD3 /* Enumeration.swift */,
				3F7286E12B35A4F80013AE4D /* RunBloking.swift */,
				3F1A177E2B3AA45300044CA9 /* Logger.swift */,
				3F1A17822B3AAB0600044CA9 /* LogLevel.swift */,
				3F1A17802B3AA53B00044CA9 /* StringUtilities.swift */,
				3F9071032B5508D0009294DA /* Extensions.swift */,
			);
			path = Utilities;
			sourceTree = "<group>";
		};
		3FAE41EC2A544AAA002E541C /* Views */ = {
			isa = PBXGroup;
			children = (
				3FB2E6C82ADED2FF00C4D0FD /* ContentView.swift */,
				3FED3ABD2B4E5CF5005F6BF5 /* MoodList */,
				3F79B9EF2B495E4500EB8542 /* CheckEmotionalStateViews */,
				3FB2E6CE2ADED6E100C4D0FD /* Style */,
				3FB6077A2ACB2FBB0086F48A /* Utilities */,
				3FF236412A57088900C0AAD3 /* ImageView */,
				3FAE41D62A54388A002E541C /* DogsListContentView.swift */,
				3F2F84C42A5FF98F00227024 /* DogDetailView.swift */,
				3FAE41EE2A544C76002E541C /* AddDogView.swift */,
				3FF236232A56F71400C0AAD3 /* ItemCellView.swift */,
				3F74BBE42A5D60BE00A8BB42 /* DogListView.swift */,
				3FAD7A482ACC0B7D0039FD3F /* SelectableDogListView.swift */,
				3F2F84C22A5FF29F00227024 /* DogProfileView.swift */,
				3F50A2072AE6BC8C00393DC4 /* SelectableRowDogCellView.swift */,
				3FDAF1652B4C936A00B0AFDB /* DogDetailCard.swift */,
			);
			path = Views;
			sourceTree = "<group>";
		};
		3FAE41ED2A544B98002E541C /* Helpers */ = {
			isa = PBXGroup;
			children = (
				3F7286DE2B3575B50013AE4D /* EmotionalStateManagerBO.swift */,
			);
			path = Helpers;
			sourceTree = "<group>";
		};
		3FB2E6CE2ADED6E100C4D0FD /* Style */ = {
			isa = PBXGroup;
			children = (
				3FD9C8DC2ACF0A9600162DFA /* Button.swift */,
			);
			path = Style;
			sourceTree = "<group>";
		};
		3FB6077A2ACB2FBB0086F48A /* Utilities */ = {
			isa = PBXGroup;
			children = (
				3FAE41F22A54507F002E541C /* ImagePicker.swift */,
				3F2971512B28BF1A00F3954D /* ChoicePhotosSourceActionSheet.swift */,
				3FF236252A56F90B00C0AAD3 /* ChipView.swift */,
				3FAE41F62A5453C3002E541C /* SexView.swift */,
				3FF236482A570D8700C0AAD3 /* CustomLabel.swift */,
			);
			path = Utilities;
			sourceTree = "<group>";
		};
		3FC332212B47E60400349AC5 /* Classification */ = {
			isa = PBXGroup;
			children = (
				3FC332222B47E62300349AC5 /* ClassificationServiceProviding.swift */,
				3FC332242B47E66200349AC5 /* ClassificationService.swift */,
				3FC332262B47E70200349AC5 /* DogEmotionImageClassification.mlmodel */,
			);
			path = Classification;
			sourceTree = "<group>";
		};
		3FED3ABD2B4E5CF5005F6BF5 /* MoodList */ = {
			isa = PBXGroup;
			children = (
				3FED3ABE2B4E5D12005F6BF5 /* CheckListContentView.swift */,
				3FED3AC02B4E5DF6005F6BF5 /* CheckListView.swift */,
				3FEC274F2B52CF8E0089DF62 /* CheckDetailView.swift */,
			);
			name = MoodList;
			sourceTree = "<group>";
		};
		3FF236412A57088900C0AAD3 /* ImageView */ = {
			isa = PBXGroup;
			children = (
				3FAE41F42A5450B2002E541C /* AddImageView.swift */,
				3FF236422A5708A300C0AAD3 /* CircleImage.swift */,
				3FF236442A570A1700C0AAD3 /* RoundedRectagleImage.swift */,
			);
			path = ImageView;
			sourceTree = "<group>";
		};
/* End PBXGroup section */

/* Begin PBXNativeTarget section */
		3FAE41D02A54388A002E541C /* MyDogState */ = {
			isa = PBXNativeTarget;
			buildConfigurationList = 3FAE41DF2A54388C002E541C /* Build configuration list for PBXNativeTarget "MyDogState" */;
			buildPhases = (
				3FAE41CD2A54388A002E541C /* Sources */,
				3FAE41CE2A54388A002E541C /* Frameworks */,
				3FAE41CF2A54388A002E541C /* Resources */,
			);
			buildRules = (
			);
			dependencies = (
			);
			name = MyDogState;
			productName = MyDogState;
			productReference = 3FAE41D12A54388A002E541C /* MyDogState.app */;
			productType = "com.apple.product-type.application";
		};
/* End PBXNativeTarget section */

/* Begin PBXProject section */
		3FAE41C92A54388A002E541C /* Project object */ = {
			isa = PBXProject;
			attributes = {
				BuildIndependentTargetsInParallel = 1;
				LastSwiftUpdateCheck = 1420;
				LastUpgradeCheck = 1420;
				TargetAttributes = {
					3FAE41D02A54388A002E541C = {
						CreatedOnToolsVersion = 14.2;
					};
				};
			};
			buildConfigurationList = 3FAE41CC2A54388A002E541C /* Build configuration list for PBXProject "MyDogState" */;
			compatibilityVersion = "Xcode 14.0";
			developmentRegion = en;
			hasScannedForEncodings = 0;
			knownRegions = (
				en,
				Base,
				it,
			);
			mainGroup = 3FAE41C82A54388A002E541C;
			productRefGroup = 3FAE41D22A54388A002E541C /* Products */;
			projectDirPath = "";
			projectRoot = "";
			targets = (
				3FAE41D02A54388A002E541C /* MyDogState */,
			);
		};
/* End PBXProject section */

/* Begin PBXResourcesBuildPhase section */
		3FAE41CF2A54388A002E541C /* Resources */ = {
			isa = PBXResourcesBuildPhase;
			buildActionMask = 2147483647;
			files = (
				3FAE41DC2A54388C002E541C /* Preview Assets.xcassets in Resources */,
				3FAE41D92A54388C002E541C /* Assets.xcassets in Resources */,
				3F1B19192B57F31B008B5BA2 /* Localizable.xcstrings in Resources */,
			);
			runOnlyForDeploymentPostprocessing = 0;
		};
/* End PBXResourcesBuildPhase section */

/* Begin PBXSourcesBuildPhase section */
		3FAE41CD2A54388A002E541C /* Sources */ = {
			isa = PBXSourcesBuildPhase;
			buildActionMask = 2147483647;
			files = (
				3F74BBF62A5D90AE00A8BB42 /* Dog.swift in Sources */,
				3FC332272B47E70200349AC5 /* DogEmotionImageClassification.mlmodel in Sources */,
				3FC099182B4AA5E400A577BF /* MoodCheckEntity+CoreDataProperties.swift in Sources */,
				3FAE41F52A5450B2002E541C /* AddImageView.swift in Sources */,
				3FF236222A56F2AF00C0AAD3 /* ErrorInfo.swift in Sources */,
				3F12AE952B34773F009B7300 /* MoodCheckDao.swift in Sources */,
				3FAE41F72A5453C3002E541C /* SexView.swift in Sources */,
				3F12AEAB2B3497D0009B7300 /* DogEntity+CoreDataProperties.swift in Sources */,
				3F79B9F12B495EF400EB8542 /* EmotionalResultDialogView.swift in Sources */,
				3FD9C8DD2ACF0A9700162DFA /* Button.swift in Sources */,
				3F778E372A5BFC9300D37229 /* PersistenController.swift in Sources */,
				3FF236472A570BC600C0AAD3 /* Enumeration.swift in Sources */,
				3F74BBEF2A5D8B1600A8BB42 /* DogDao.swift in Sources */,
				3FDAF1642B4C41C900B0AFDB /* ResultDogMoodContentView.swift in Sources */,
				3FB2E6C92ADED2FF00C4D0FD /* ContentView.swift in Sources */,
				3F778E352A5BFC5400D37229 /* DogViewModel.swift in Sources */,
				3FF236432A5708A300C0AAD3 /* CircleImage.swift in Sources */,
				3FC332202B47E56300349AC5 /* ClassificationsViewModel.swift in Sources */,
				3FED3ABF2B4E5D12005F6BF5 /* CheckListContentView.swift in Sources */,
				3F79B9F72B49A20F00EB8542 /* CheckMoodViewModel.swift in Sources */,
				3FF236262A56F90B00C0AAD3 /* ChipView.swift in Sources */,
				3FC099162B4AA5E400A577BF /* MoodDetailEntity+CoreDataProperties.swift in Sources */,
				3F1A17812B3AA53B00044CA9 /* StringUtilities.swift in Sources */,
				3F74BBE52A5D60BE00A8BB42 /* DogListView.swift in Sources */,
				3FC3321E2B47E4DD00349AC5 /* CheckEmotionalDogStateContentView.swift in Sources */,
				3F2F84C32A5FF29F00227024 /* DogProfileView.swift in Sources */,
				3F12AE912B347679009B7300 /* Status.swift in Sources */,
				3F9071042B5508D0009294DA /* Extensions.swift in Sources */,
				3F2971522B28BF1A00F3954D /* ChoicePhotosSourceActionSheet.swift in Sources */,
				3FF236202A56EE5D00C0AAD3 /* ImageUtilities.swift in Sources */,
				3F79B9ED2B493D6C00EB8542 /* PredictResult.swift in Sources */,
				3FEC27502B52CF8E0089DF62 /* CheckDetailView.swift in Sources */,
				3FDAF1662B4C936A00B0AFDB /* DogDetailCard.swift in Sources */,
				3F12AE972B347846009B7300 /* MoodDetailDao.swift in Sources */,
				3FF236492A570D8700C0AAD3 /* CustomLabel.swift in Sources */,
				3FAE41EF2A544C76002E541C /* AddDogView.swift in Sources */,
				3FAE41D72A54388A002E541C /* DogsListContentView.swift in Sources */,
				3F1A17832B3AAB0600044CA9 /* LogLevel.swift in Sources */,
				3FC332232B47E62300349AC5 /* ClassificationServiceProviding.swift in Sources */,
				3F1A177F2B3AA45300044CA9 /* Logger.swift in Sources */,
				3FC332252B47E66200349AC5 /* ClassificationService.swift in Sources */,
				3FAD7A492ACC0B7D0039FD3F /* SelectableDogListView.swift in Sources */,
				3F2F84C52A5FF98F00227024 /* DogDetailView.swift in Sources */,
				3FED3AC12B4E5DF6005F6BF5 /* CheckListView.swift in Sources */,
				3FF236242A56F71400C0AAD3 /* ItemCellView.swift in Sources */,
				3FC099172B4AA5E400A577BF /* MoodCheckEntity+CoreDataClass.swift in Sources */,
				3F7286DF2B3575B50013AE4D /* EmotionalStateManagerBO.swift in Sources */,
				3F7286E22B35A4F80013AE4D /* RunBloking.swift in Sources */,
				3FAE41F32A54507F002E541C /* ImagePicker.swift in Sources */,
				3FC099152B4AA5E400A577BF /* MoodDetailEntity+CoreDataClass.swift in Sources */,
				3FF236452A570A1700C0AAD3 /* RoundedRectagleImage.swift in Sources */,
				3F12AEAA2B3497D0009B7300 /* DogEntity+CoreDataClass.swift in Sources */,
				3F50A2082AE6BC8C00393DC4 /* SelectableRowDogCellView.swift in Sources */,
				3FAE41D52A54388A002E541C /* MyDogStateApp.swift in Sources */,
				3FAE41E62A5439DD002E541C /* DogModel.xcdatamodeld in Sources */,
				3F74BBED2A5D6A9100A8BB42 /* Dao.swift in Sources */,
			);
			runOnlyForDeploymentPostprocessing = 0;
		};
/* End PBXSourcesBuildPhase section */

/* Begin XCBuildConfiguration section */
		3FAE41DD2A54388C002E541C /* Debug */ = {
			isa = XCBuildConfiguration;
			buildSettings = {
				ALWAYS_SEARCH_USER_PATHS = NO;
				CLANG_ANALYZER_NONNULL = YES;
				CLANG_ANALYZER_NUMBER_OBJECT_CONVERSION = YES_AGGRESSIVE;
				CLANG_CXX_LANGUAGE_STANDARD = "gnu++20";
				CLANG_ENABLE_MODULES = YES;
				CLANG_ENABLE_OBJC_ARC = YES;
				CLANG_ENABLE_OBJC_WEAK = YES;
				CLANG_WARN_BLOCK_CAPTURE_AUTORELEASING = YES;
				CLANG_WARN_BOOL_CONVERSION = YES;
				CLANG_WARN_COMMA = YES;
				CLANG_WARN_CONSTANT_CONVERSION = YES;
				CLANG_WARN_DEPRECATED_OBJC_IMPLEMENTATIONS = YES;
				CLANG_WARN_DIRECT_OBJC_ISA_USAGE = YES_ERROR;
				CLANG_WARN_DOCUMENTATION_COMMENTS = YES;
				CLANG_WARN_EMPTY_BODY = YES;
				CLANG_WARN_ENUM_CONVERSION = YES;
				CLANG_WARN_INFINITE_RECURSION = YES;
				CLANG_WARN_INT_CONVERSION = YES;
				CLANG_WARN_NON_LITERAL_NULL_CONVERSION = YES;
				CLANG_WARN_OBJC_IMPLICIT_RETAIN_SELF = YES;
				CLANG_WARN_OBJC_LITERAL_CONVERSION = YES;
				CLANG_WARN_OBJC_ROOT_CLASS = YES_ERROR;
				CLANG_WARN_QUOTED_INCLUDE_IN_FRAMEWORK_HEADER = YES;
				CLANG_WARN_RANGE_LOOP_ANALYSIS = YES;
				CLANG_WARN_STRICT_PROTOTYPES = YES;
				CLANG_WARN_SUSPICIOUS_MOVE = YES;
				CLANG_WARN_UNGUARDED_AVAILABILITY = YES_AGGRESSIVE;
				CLANG_WARN_UNREACHABLE_CODE = YES;
				CLANG_WARN__DUPLICATE_METHOD_MATCH = YES;
				COPY_PHASE_STRIP = NO;
				DEBUG_INFORMATION_FORMAT = dwarf;
				ENABLE_STRICT_OBJC_MSGSEND = YES;
				ENABLE_TESTABILITY = YES;
				GCC_C_LANGUAGE_STANDARD = gnu11;
				GCC_DYNAMIC_NO_PIC = NO;
				GCC_NO_COMMON_BLOCKS = YES;
				GCC_OPTIMIZATION_LEVEL = 0;
				GCC_PREPROCESSOR_DEFINITIONS = (
					"DEBUG=1",
					"$(inherited)",
				);
				GCC_WARN_64_TO_32_BIT_CONVERSION = YES;
				GCC_WARN_ABOUT_RETURN_TYPE = YES_ERROR;
				GCC_WARN_UNDECLARED_SELECTOR = YES;
				GCC_WARN_UNINITIALIZED_AUTOS = YES_AGGRESSIVE;
				GCC_WARN_UNUSED_FUNCTION = YES;
				GCC_WARN_UNUSED_VARIABLE = YES;
				IPHONEOS_DEPLOYMENT_TARGET = 16.2;
				MTL_ENABLE_DEBUG_INFO = INCLUDE_SOURCE;
				MTL_FAST_MATH = YES;
				ONLY_ACTIVE_ARCH = YES;
				SDKROOT = iphoneos;
				SWIFT_ACTIVE_COMPILATION_CONDITIONS = DEBUG;
				SWIFT_OPTIMIZATION_LEVEL = "-Onone";
			};
			name = Debug;
		};
		3FAE41DE2A54388C002E541C /* Release */ = {
			isa = XCBuildConfiguration;
			buildSettings = {
				ALWAYS_SEARCH_USER_PATHS = NO;
				CLANG_ANALYZER_NONNULL = YES;
				CLANG_ANALYZER_NUMBER_OBJECT_CONVERSION = YES_AGGRESSIVE;
				CLANG_CXX_LANGUAGE_STANDARD = "gnu++20";
				CLANG_ENABLE_MODULES = YES;
				CLANG_ENABLE_OBJC_ARC = YES;
				CLANG_ENABLE_OBJC_WEAK = YES;
				CLANG_WARN_BLOCK_CAPTURE_AUTORELEASING = YES;
				CLANG_WARN_BOOL_CONVERSION = YES;
				CLANG_WARN_COMMA = YES;
				CLANG_WARN_CONSTANT_CONVERSION = YES;
				CLANG_WARN_DEPRECATED_OBJC_IMPLEMENTATIONS = YES;
				CLANG_WARN_DIRECT_OBJC_ISA_USAGE = YES_ERROR;
				CLANG_WARN_DOCUMENTATION_COMMENTS = YES;
				CLANG_WARN_EMPTY_BODY = YES;
				CLANG_WARN_ENUM_CONVERSION = YES;
				CLANG_WARN_INFINITE_RECURSION = YES;
				CLANG_WARN_INT_CONVERSION = YES;
				CLANG_WARN_NON_LITERAL_NULL_CONVERSION = YES;
				CLANG_WARN_OBJC_IMPLICIT_RETAIN_SELF = YES;
				CLANG_WARN_OBJC_LITERAL_CONVERSION = YES;
				CLANG_WARN_OBJC_ROOT_CLASS = YES_ERROR;
				CLANG_WARN_QUOTED_INCLUDE_IN_FRAMEWORK_HEADER = YES;
				CLANG_WARN_RANGE_LOOP_ANALYSIS = YES;
				CLANG_WARN_STRICT_PROTOTYPES = YES;
				CLANG_WARN_SUSPICIOUS_MOVE = YES;
				CLANG_WARN_UNGUARDED_AVAILABILITY = YES_AGGRESSIVE;
				CLANG_WARN_UNREACHABLE_CODE = YES;
				CLANG_WARN__DUPLICATE_METHOD_MATCH = YES;
				COPY_PHASE_STRIP = NO;
				DEBUG_INFORMATION_FORMAT = "dwarf-with-dsym";
				ENABLE_NS_ASSERTIONS = NO;
				ENABLE_STRICT_OBJC_MSGSEND = YES;
				GCC_C_LANGUAGE_STANDARD = gnu11;
				GCC_NO_COMMON_BLOCKS = YES;
				GCC_WARN_64_TO_32_BIT_CONVERSION = YES;
				GCC_WARN_ABOUT_RETURN_TYPE = YES_ERROR;
				GCC_WARN_UNDECLARED_SELECTOR = YES;
				GCC_WARN_UNINITIALIZED_AUTOS = YES_AGGRESSIVE;
				GCC_WARN_UNUSED_FUNCTION = YES;
				GCC_WARN_UNUSED_VARIABLE = YES;
				IPHONEOS_DEPLOYMENT_TARGET = 16.2;
				MTL_ENABLE_DEBUG_INFO = NO;
				MTL_FAST_MATH = YES;
				SDKROOT = iphoneos;
				SWIFT_COMPILATION_MODE = wholemodule;
				SWIFT_OPTIMIZATION_LEVEL = "-O";
				VALIDATE_PRODUCT = YES;
			};
			name = Release;
		};
		3FAE41E02A54388C002E541C /* Debug */ = {
			isa = XCBuildConfiguration;
			buildSettings = {
				ASSETCATALOG_COMPILER_APPICON_NAME = AppIcon;
				ASSETCATALOG_COMPILER_GLOBAL_ACCENT_COLOR_NAME = AccentColor;
				CODE_SIGN_STYLE = Automatic;
				CURRENT_PROJECT_VERSION = 1;
				DEVELOPMENT_ASSET_PATHS = "\"MyDogState/Preview Content\"";
				DEVELOPMENT_TEAM = 5V7QS9WXZR;
				ENABLE_PREVIEWS = YES;
				GENERATE_INFOPLIST_FILE = YES;
				INFOPLIST_KEY_CFBundleDisplayName = "My dog mood";
				INFOPLIST_KEY_NSCameraUsageDescription = "Access to camera";
				INFOPLIST_KEY_UIApplicationSceneManifest_Generation = YES;
				INFOPLIST_KEY_UIApplicationSupportsIndirectInputEvents = YES;
				INFOPLIST_KEY_UILaunchScreen_Generation = YES;
				INFOPLIST_KEY_UIStatusBarStyle = "";
				INFOPLIST_KEY_UISupportedInterfaceOrientations_iPad = "UIInterfaceOrientationPortrait UIInterfaceOrientationPortraitUpsideDown UIInterfaceOrientationLandscapeLeft UIInterfaceOrientationLandscapeRight";
				INFOPLIST_KEY_UISupportedInterfaceOrientations_iPhone = "UIInterfaceOrientationPortrait UIInterfaceOrientationLandscapeLeft UIInterfaceOrientationLandscapeRight";
				LD_RUNPATH_SEARCH_PATHS = (
					"$(inherited)",
					"@executable_path/Frameworks",
				);
				MARKETING_VERSION = 1.0;
				PRODUCT_BUNDLE_IDENTIFIER = it.zucchetti.MyDogState;
				PRODUCT_NAME = "$(TARGET_NAME)";
				SWIFT_EMIT_LOC_STRINGS = YES;
				SWIFT_VERSION = 5.0;
				TARGETED_DEVICE_FAMILY = "1,2";
			};
			name = Debug;
		};
		3FAE41E12A54388C002E541C /* Release */ = {
			isa = XCBuildConfiguration;
			buildSettings = {
				ASSETCATALOG_COMPILER_APPICON_NAME = AppIcon;
				ASSETCATALOG_COMPILER_GLOBAL_ACCENT_COLOR_NAME = AccentColor;
				CODE_SIGN_STYLE = Automatic;
				CURRENT_PROJECT_VERSION = 1;
				DEVELOPMENT_ASSET_PATHS = "\"MyDogState/Preview Content\"";
				DEVELOPMENT_TEAM = 5V7QS9WXZR;
				ENABLE_PREVIEWS = YES;
				GENERATE_INFOPLIST_FILE = YES;
				INFOPLIST_KEY_CFBundleDisplayName = "My dog mood";
				INFOPLIST_KEY_NSCameraUsageDescription = "Access to camera";
				INFOPLIST_KEY_UIApplicationSceneManifest_Generation = YES;
				INFOPLIST_KEY_UIApplicationSupportsIndirectInputEvents = YES;
				INFOPLIST_KEY_UILaunchScreen_Generation = YES;
				INFOPLIST_KEY_UIStatusBarStyle = "";
				INFOPLIST_KEY_UISupportedInterfaceOrientations_iPad = "UIInterfaceOrientationPortrait UIInterfaceOrientationPortraitUpsideDown UIInterfaceOrientationLandscapeLeft UIInterfaceOrientationLandscapeRight";
				INFOPLIST_KEY_UISupportedInterfaceOrientations_iPhone = "UIInterfaceOrientationPortrait UIInterfaceOrientationLandscapeLeft UIInterfaceOrientationLandscapeRight";
				LD_RUNPATH_SEARCH_PATHS = (
					"$(inherited)",
					"@executable_path/Frameworks",
				);
				MARKETING_VERSION = 1.0;
				PRODUCT_BUNDLE_IDENTIFIER = it.zucchetti.MyDogState;
				PRODUCT_NAME = "$(TARGET_NAME)";
				SWIFT_EMIT_LOC_STRINGS = YES;
				SWIFT_VERSION = 5.0;
				TARGETED_DEVICE_FAMILY = "1,2";
			};
			name = Release;
		};
/* End XCBuildConfiguration section */

/* Begin XCConfigurationList section */
		3FAE41CC2A54388A002E541C /* Build configuration list for PBXProject "MyDogState" */ = {
			isa = XCConfigurationList;
			buildConfigurations = (
				3FAE41DD2A54388C002E541C /* Debug */,
				3FAE41DE2A54388C002E541C /* Release */,
			);
			defaultConfigurationIsVisible = 0;
			defaultConfigurationName = Release;
		};
		3FAE41DF2A54388C002E541C /* Build configuration list for PBXNativeTarget "MyDogState" */ = {
			isa = XCConfigurationList;
			buildConfigurations = (
				3FAE41E02A54388C002E541C /* Debug */,
				3FAE41E12A54388C002E541C /* Release */,
			);
			defaultConfigurationIsVisible = 0;
			defaultConfigurationName = Release;
		};
/* End XCConfigurationList section */

/* Begin XCVersionGroup section */
		3FAE41E42A5439DD002E541C /* DogModel.xcdatamodeld */ = {
			isa = XCVersionGroup;
			children = (
				3FAE41E52A5439DD002E541C /* DogModel.xcdatamodel */,
			);
			currentVersion = 3FAE41E52A5439DD002E541C /* DogModel.xcdatamodel */;
			path = DogModel.xcdatamodeld;
			sourceTree = "<group>";
			versionGroupType = wrapper.xcdatamodel;
		};
/* End XCVersionGroup section */
	};
	rootObject = 3FAE41C92A54388A002E541C /* Project object */;
}
